
Microsoft Visual Studio Solution File, Format Version 12.00
# Visual Studio Version 17
VisualStudioVersion = 17.5.33414.496
MinimumVisualStudioVersion = 10.0.40219.1
Project("{FAE04EC0-301F-11D3-BF4B-00C04F79EFBC}") = "ConsoleApp8", "ConsoleApp8\ConsoleApp8.csproj", "{F9296B64-8A6B-484D-BB2C-CF0FF1387DD8}"
EndProject
Global
	GlobalSection(SolutionConfigurationPlatforms) = preSolution
		Debug|Any CPU = Debug|Any CPU
		Release|Any CPU = Release|Any CPU
	EndGlobalSection
	GlobalSection(ProjectConfigurationPlatforms) = postSolution
		{F9296B64-8A6B-484D-BB2C-CF0FF1387DD8}.Debug|Any CPU.ActiveCfg = Debug|Any CPU
		{F9296B64-8A6B-484D-BB2C-CF0FF1387DD8}.Debug|Any CPU.Build.0 = Debug|Any CPU
		{F9296B64-8A6B-484D-BB2C-CF0FF1387DD8}.Release|Any CPU.ActiveCfg = Release|Any CPU
		{F9296B64-8A6B-484D-BB2C-CF0FF1387DD8}.Release|Any CPU.Build.0 = Release|Any CPU
	EndGlobalSection
	GlobalSection(SolutionProperties) = preSolution
		HideSolutionNode = FALSE
	EndGlobalSection
	GlobalSection(ExtensibilityGlobals) = postSolution
		SolutionGuid = {051D1748-D39B-4B79-8AAE-52030F857B65}
	EndGlobalSection
EndGlobal
